// !$*UTF8*$!
{
	archiveVersion = 1;
	classes = {
	};
	objectVersion = 46;
	objects = {

/* Begin PBXBuildFile section */
		2482404B1D955A100028FEEC /* main.m in Sources */ = {isa = PBXBuildFile; fileRef = 2482404A1D955A100028FEEC /* main.m */; };
		2482404E1D955A100028FEEC /* AppDelegate.m in Sources */ = {isa = PBXBuildFile; fileRef = 2482404D1D955A100028FEEC /* AppDelegate.m */; };
		248240511D955A100028FEEC /* ViewController.m in Sources */ = {isa = PBXBuildFile; fileRef = 248240501D955A100028FEEC /* ViewController.m */; };
		248240541D955A100028FEEC /* Main.storyboard in Resources */ = {isa = PBXBuildFile; fileRef = 248240521D955A100028FEEC /* Main.storyboard */; };
		248240561D955A100028FEEC /* Assets.xcassets in Resources */ = {isa = PBXBuildFile; fileRef = 248240551D955A100028FEEC /* Assets.xcassets */; };
		248240591D955A100028FEEC /* LaunchScreen.storyboard in Resources */ = {isa = PBXBuildFile; fileRef = 248240571D955A100028FEEC /* LaunchScreen.storyboard */; };
/* End PBXBuildFile section */

/* Begin PBXFileReference section */
		248240461D955A100028FEEC /* JS和OC交互.app */ = {isa = PBXFileReference; explicitFileType = wrapper.application; includeInIndex = 0; path = "JS和OC交互.app"; sourceTree = BUILT_PRODUCTS_DIR; };
		2482404A1D955A100028FEEC /* main.m */ = {isa = PBXFileReference; lastKnownFileType = sourcecode.c.objc; path = main.m; sourceTree = "<group>"; };
		2482404C1D955A100028FEEC /* AppDelegate.h */ = {isa = PBXFileReference; lastKnownFileType = sourcecode.c.h; path = AppDelegate.h; sourceTree = "<group>"; };
		2482404D1D955A100028FEEC /* AppDelegate.m */ = {isa = PBXFileReference; lastKnownFileType = sourcecode.c.objc; path = AppDelegate.m; sourceTree = "<group>"; };
		2482404F1D955A100028FEEC /* ViewController.h */ = {isa = PBXFileReference; lastKnownFileType = sourcecode.c.h; path = ViewController.h; sourceTree = "<group>"; };
		248240501D955A100028FEEC /* ViewController.m */ = {isa = PBXFileReference; lastKnownFileType = sourcecode.c.objc; path = ViewController.m; sourceTree = "<group>"; };
		248240531D955A100028FEEC /* Base */ = {isa = PBXFileReference; lastKnownFileType = file.storyboard; name = Base; path = Base.lproj/Main.storyboard; sourceTree = "<group>"; };
		248240551D955A100028FEEC /* Assets.xcassets */ = {isa = PBXFileReference; lastKnownFileType = folder.assetcatalog; path = Assets.xcassets; sourceTree = "<group>"; };
		248240581D955A100028FEEC /* Base */ = {isa = PBXFileReference; lastKnownFileType = file.storyboard; name = Base; path = Base.lproj/LaunchScreen.storyboard; sourceTree = "<group>"; };
		2482405A1D955A100028FEEC /* Info.plist */ = {isa = PBXFileReference; lastKnownFileType = text.plist.xml; path = Info.plist; sourceTree = "<group>"; };
/* End PBXFileReference section */

/* Begin PBXFrameworksBuildPhase section */
		248240431D955A100028FEEC /* Frameworks */ = {
			isa = PBXFrameworksBuildPhase;
			buildActionMask = 2147483647;
			files = (
			);
			runOnlyForDeploymentPostprocessing = 0;
		};
/* End PBXFrameworksBuildPhase section */

/* Begin PBXGroup section */
		2482403D1D955A100028FEEC = {
			isa = PBXGroup;
			children = (
				248240481D955A100028FEEC /* JS和OC交互 */,
				248240471D955A100028FEEC /* Products */,
			);
			sourceTree = "<group>";
		};
		248240471D955A100028FEEC /* Products */ = {
			isa = PBXGroup;
			children = (
				248240461D955A100028FEEC /* JS和OC交互.app */,
			);
			name = Products;
			sourceTree = "<group>";
		};
		248240481D955A100028FEEC /* JS和OC交互 */ = {
			isa = PBXGroup;
			children = (
				2482404C1D955A100028FEEC /* AppDelegate.h */,
				2482404D1D955A100028FEEC /* AppDelegate.m */,
				2482404F1D955A100028FEEC /* ViewController.h */,
				248240501D955A100028FEEC /* ViewController.m */,
				248240521D955A100028FEEC /* Main.storyboard */,
				248240551D955A100028FEEC /* Assets.xcassets */,
				248240571D955A100028FEEC /* LaunchScreen.storyboard */,
				2482405A1D955A100028FEEC /* Info.plist */,
				248240491D955A100028FEEC /* Supporting Files */,
			);
			path = "JS和OC交互";
			sourceTree = "<group>";
		};
		248240491D955A100028FEEC /* Supporting Files */ = {
			isa = PBXGroup;
			children = (
				2482404A1D955A100028FEEC /* main.m */,
			);
			name = "Supporting Files";
			sourceTree = "<group>";
		};
/* End PBXGroup section */

/* Begin PBXNativeTarget section */
		248240451D955A100028FEEC /* JS和OC交互 */ = {
			isa = PBXNativeTarget;
			buildConfigurationList = 2482405D1D955A100028FEEC /* Build configuration list for PBXNativeTarget "JS和OC交互" */;
			buildPhases = (
				248240421D955A100028FEEC /* Sources */,
				248240431D955A100028FEEC /* Frameworks */,
				248240441D955A100028FEEC /* Resources */,
			);
			buildRules = (
			);
			dependencies = (
			);
			name = "JS和OC交互";
			productName = "JS和OC交互";
			productReference = 248240461D955A100028FEEC /* JS和OC交互.app */;
			productType = "com.apple.product-type.application";
		};
/* End PBXNativeTarget section */

/* Begin PBXProject section */
		2482403E1D955A100028FEEC /* Project object */ = {
			isa = PBXProject;
			attributes = {
				LastUpgradeCheck = 0730;
				ORGANIZATIONNAME = "唯你";
				TargetAttributes = {
					248240451D955A100028FEEC = {
						CreatedOnToolsVersion = 7.3.1;
					};
				};
			};
			buildConfigurationList = 248240411D955A100028FEEC /* Build configuration list for PBXProject "JS和OC交互" */;
			compatibilityVersion = "Xcode 3.2";
			developmentRegion = English;
			hasScannedForEncodings = 0;
			knownRegions = (
				en,
				Base,
			);
			mainGroup = 2482403D1D955A100028FEEC;
			productRefGroup = 248240471D955A100028FEEC /* Products */;
			projectDirPath = "";
			projectRoot = "";
			targets = (
				248240451D955A100028FEEC /* JS和OC交互 */,
			);
		};
/* End PBXProject section */

/* Begin PBXResourcesBuildPhase section */
		248240441D955A100028FEEC /* Resources */ = {
			isa = PBXResourcesBuildPhase;
			buildActionMask = 2147483647;
			files = (
				248240591D955A100028FEEC /* LaunchScreen.storyboard in Resources */,
				248240561D955A100028FEEC /* Assets.xcassets in Resources */,
				248240541D955A100028FEEC /* Main.storyboard in Resources */,
			);
			runOnlyForDeploymentPostprocessing = 0;
		};
/* End PBXResourcesBuildPhase section */

/* Begin PBXSourcesBuildPhase section */
		248240421D955A100028FEEC /* Sources */ = {
			isa = PBXSourcesBuildPhase;
			buildActionMask = 2147483647;
			files = (
				248240511D955A100028FEEC /* ViewController.m in Sources */,
				2482404E1D955A100028FEEC /* AppDelegate.m in Sources */,
				2482404B1D955A100028FEEC /* main.m in Sources */,
			);
			runOnlyForDeploymentPostprocessing = 0;
		};
/* End PBXSourcesBuildPhase section */

/* Begin PBXVariantGroup section */
		248240521D955A100028FEEC /* Main.storyboard */ = {
			isa = PBXVariantGroup;
			children = (
				248240531D955A100028FEEC /* Base */,
			);
			name = Main.storyboard;
			sourceTree = "<group>";
		};
		248240571D955A100028FEEC /* LaunchScreen.storyboard */ = {
			isa = PBXVariantGroup;
			children = (
				248240581D955A100028FEEC /* Base */,
			);
			name = LaunchScreen.storyboard;
			sourceTree = "<group>";
		};
/* End PBXVariantGroup section */

/* Begin XCBuildConfiguration section */
		2482405B1D955A100028FEEC /* Debug */ = {
			isa = XCBuildConfiguration;
			buildSettings = {
				ALWAYS_SEARCH_USER_PATHS = NO;
				CLANG_ANALYZER_NONNULL = YES;
				CLANG_CXX_LANGUAGE_STANDARD = "gnu++0x";
				CLANG_CXX_LIBRARY = "libc++";
				CLANG_ENABLE_MODULES = YES;
				CLANG_ENABLE_OBJC_ARC = YES;
				CLANG_WARN_BOOL_CONVERSION = YES;
				CLANG_WARN_CONSTANT_CONVERSION = YES;
				CLANG_WARN_DIRECT_OBJC_ISA_USAGE = YES_ERROR;
				CLANG_WARN_EMPTY_BODY = YES;
				CLANG_WARN_ENUM_CONVERSION = YES;
				CLANG_WARN_INT_CONVERSION = YES;
				CLANG_WARN_OBJC_ROOT_CLASS = YES_ERROR;
				CLANG_WARN_UNREACHABLE_CODE = YES;
				CLANG_WARN__DUPLICATE_METHOD_MATCH = YES;
				"CODE_SIGN_IDENTITY[sdk=iphoneos*]" = "iPhone Developer";
				COPY_PHASE_STRIP = NO;
				DEBUG_INFORMATION_FORMAT = dwarf;
				ENABLE_STRICT_OBJC_MSGSEND = YES;
				ENABLE_TESTABILITY = YES;
				GCC_C_LANGUAGE_STANDARD = gnu99;
				GCC_DYNAMIC_NO_PIC = NO;
				GCC_NO_COMMON_BLOCKS = YES;
				GCC_OPTIMIZATION_LEVEL = 0;
				GCC_PREPROCESSOR_DEFINITIONS = (
					"DEBUG=1",
					"$(inherited)",
				);
				GCC_WARN_64_TO_32_BIT_CONVERSION = YES;
				GCC_WARN_ABOUT_RETURN_TYPE = YES_ERROR;
				GCC_WARN_UNDECLARED_SELECTOR = YES;
				GCC_WARN_UNINITIALIZED_AUTOS = YES_AGGRESSIVE;
				GCC_WARN_UNUSED_FUNCTION = YES;
				GCC_WARN_UNUSED_VARIABLE = YES;
				IPHONEOS_DEPLOYMENT_TARGET = 9.3;
				MTL_ENABLE_DEBUG_INFO = YES;
				ONLY_ACTIVE_ARCH = YES;
				SDKROOT = iphoneos;
				TARGETED_DEVICE_FAMILY = "1,2";
			};
			name = Debug;
		};
		2482405C1D955A100028FEEC /* Release */ = {
			isa = XCBuildConfiguration;
			buildSettings = {
				ALWAYS_SEARCH_USER_PATHS = NO;
				CLANG_ANALYZER_NONNULL = YES;
				CLANG_CXX_LANGUAGE_STANDARD = "gnu++0x";
				CLANG_CXX_LIBRARY = "libc++";
				CLANG_ENABLE_MODULES = YES;
				CLANG_ENABLE_OBJC_ARC = YES;
				CLANG_WARN_BOOL_CONVERSION = YES;
				CLANG_WARN_CONSTANT_CONVERSION = YES;
				CLANG_WARN_DIRECT_OBJC_ISA_USAGE = YES_ERROR;
				CLANG_WARN_EMPTY_BODY = YES;
				CLANG_WARN_ENUM_CONVERSION = YES;
				CLANG_WARN_INT_CONVERSION = YES;
				CLANG_WARN_OBJC_ROOT_CLASS = YES_ERROR;
				CLANG_WARN_UNREACHABLE_CODE = YES;
				CLANG_WARN__DUPLICATE_METHOD_MATCH = YES;
				"CODE_SIGN_IDENTITY[sdk=iphoneos*]" = "iPhone Developer";
				COPY_PHASE_STRIP = NO;
				DEBUG_INFORMATION_FORMAT = "dwarf-with-dsym";
				ENABLE_NS_ASSERTIONS = NO;
				ENABLE_STRICT_OBJC_MSGSEND = YES;
				GCC_C_LANGUAGE_STANDARD = gnu99;
				GCC_NO_COMMON_BLOCKS = YES;
				GCC_WARN_64_TO_32_BIT_CONVERSION = YES;
				GCC_WARN_ABOUT_RETURN_TYPE = YES_ERROR;
				GCC_WARN_UNDECLARED_SELECTOR = YES;
				GCC_WARN_UNINITIALIZED_AUTOS = YES_AGGRESSIVE;
				GCC_WARN_UNUSED_FUNCTION = YES;
				GCC_WARN_UNUSED_VARIABLE = YES;
				IPHONEOS_DEPLOYMENT_TARGET = 9.3;
				MTL_ENABLE_DEBUG_INFO = NO;
				SDKROOT = iphoneos;
				TARGETED_DEVICE_FAMILY = "1,2";
				VALIDATE_PRODUCT = YES;
			};
			name = Release;
		};
		2482405E1D955A100028FEEC /* Debug */ = {
			isa = XCBuildConfiguration;
			buildSettings = {
				ASSETCATALOG_COMPILER_APPICON_NAME = AppIcon;
				INFOPLIST_FILE = "JS和OC交互/Info.plist";
				LD_RUNPATH_SEARCH_PATHS = "$(inherited) @executable_path/Frameworks";
				PRODUCT_BUNDLE_IDENTIFIER = "com.lyn.JS-OC--";
				PRODUCT_NAME = "$(TARGET_NAME)";
			};
			name = Debug;
		};
		2482405F1D955A100028FEEC /* Release */ = {
			isa = XCBuildConfiguration;
			buildSettings = {
				ASSETCATALOG_COMPILER_APPICON_NAME = AppIcon;
				INFOPLIST_FILE = "JS和OC交互/Info.plist";
				LD_RUNPATH_SEARCH_PATHS = "$(inherited) @executable_path/Frameworks";
				PRODUCT_BUNDLE_IDENTIFIER = "com.lyn.JS-OC--";
				PRODUCT_NAME = "$(TARGET_NAME)";
			};
			name = Release;
		};
/* End XCBuildConfiguration section */

/* Begin XCConfigurationList section */
		248240411D955A100028FEEC /* Build configuration list for PBXProject "JS和OC交互" */ = {
			isa = XCConfigurationList;
			buildConfigurations = (
				2482405B1D955A100028FEEC /* Debug */,
				2482405C1D955A100028FEEC /* Release */,
			);
			defaultConfigurationIsVisible = 0;
			defaultConfigurationName = Release;
		};
		2482405D1D955A100028FEEC /* Build configuration list for PBXNativeTarget "JS和OC交互" */ = {
			isa = XCConfigurationList;
			buildConfigurations = (
				2482405E1D955A100028FEEC /* Debug */,
				2482405F1D955A100028FEEC /* Release */,
			);
			defaultConfigurationIsVisible = 0;
		};
/* End XCConfigurationList section */
	};
	rootObject = 2482403E1D955A100028FEEC /* Project object */;
}
